{
  "name": "V1",
  "lockfileVersion": 2,
  "requires": true,
  "packages": {
    "": {
      "dependencies": {
        "leaflet.motion": "^0.3.2"
      }
    },
    "node_modules/leaflet.motion": {
      "version": "0.3.2",
      "resolved": "https://registry.npmjs.org/leaflet.motion/-/leaflet.motion-0.3.2.tgz",
      "integrity": "sha512-PqvJ86zBSsIvFgKi9kNj7Q6xvo92zhC0smfhtkYGxrjFhRXwGw8PdQJP2UB8YWReRE6r7iy9icJvKG/z0CBW4Q=="
    }
  },
  "dependencies": {
    "leaflet.motion": {
      "version": "0.3.2",
      "resolved": "https://registry.npmjs.org/leaflet.motion/-/leaflet.motion-0.3.2.tgz",
      "integrity": "sha512-PqvJ86zBSsIvFgKi9kNj7Q6xvo92zhC0smfhtkYGxrjFhRXwGw8PdQJP2UB8YWReRE6r7iy9icJvKG/z0CBW4Q=="
    }
  }
}
